{
  "name": "gatsby-remark-vscode-embed",
  "version": "1.0.0",
  "lockfileVersion": 1,
  "requires": true,
  "dependencies": {
    "async-unist-util-visit": {
      "version": "1.0.0",
      "resolved": "https://registry.npmjs.org/async-unist-util-visit/-/async-unist-util-visit-1.0.0.tgz",
      "integrity": "sha1-EVyAjvKlrGaVtpHbtzG7sMoA6FI=",
      "requires": {
        "run-async": "2.2.0"
      }
    },
    "is-promise": {
      "version": "2.1.0",
      "resolved": "https://registry.npmjs.org/is-promise/-/is-promise-2.1.0.tgz",
      "integrity": "sha1-eaKp7OfwlugPNtKy87wWwf9L8/o="
    },
    "node-fetch": {
      "version": "2.2.0",
      "resolved": "https://registry.npmjs.org/node-fetch/-/node-fetch-2.2.0.tgz",
      "integrity": "sha512-OayFWziIxiHY8bCUyLX6sTpDH8Jsbp4FfYd1j1f7vZyfgkcOnAyM4oQR16f8a0s7Gl/viMGRey8eScYk4V4EZA=="
    },
    "pinkie": {
      "version": "2.0.4",
      "resolved": "https://registry.npmjs.org/pinkie/-/pinkie-2.0.4.tgz",
      "integrity": "sha1-clVrgM+g1IqXToDnckjoDtT3+HA="
    },
    "pinkie-promise": {
      "version": "2.0.1",
      "resolved": "https://registry.npmjs.org/pinkie-promise/-/pinkie-promise-2.0.1.tgz",
      "integrity": "sha1-ITXW36ejWMBprJsXh3YogihFD/o=",
      "requires": {
        "pinkie": "^2.0.0"
      }
    },
    "run-async": {
      "version": "2.2.0",
      "resolved": "https://registry.npmjs.org/run-async/-/run-async-2.2.0.tgz",
      "integrity": "sha1-h4Or2Dx7uG9B7gYC/IJASzvW6Lk=",
      "requires": {
        "is-promise": "^2.1.0",
        "pinkie-promise": "^2.0.0"
      }
    },
    "unist-util-is": {
      "version": "2.1.2",
      "resolved": "https://registry.npmjs.org/unist-util-is/-/unist-util-is-2.1.2.tgz",
      "integrity": "sha512-YkXBK/H9raAmG7KXck+UUpnKiNmUdB+aBGrknfQ4EreE1banuzrKABx3jP6Z5Z3fMSPMQQmeXBlKpCbMwBkxVw=="
    },
    "unist-util-visit": {
      "version": "1.4.0",
      "resolved": "https://registry.npmjs.org/unist-util-visit/-/unist-util-visit-1.4.0.tgz",
      "integrity": "sha512-FiGu34ziNsZA3ZUteZxSFaczIjGmksfSgdKqBfOejrrfzyUy5b7YrlzT1Bcvi+djkYDituJDy2XB7tGTeBieKw==",
      "requires": {
        "unist-util-visit-parents": "^2.0.0"
      }
    },
    "unist-util-visit-parents": {
      "version": "2.0.1",
      "resolved": "https://registry.npmjs.org/unist-util-visit-parents/-/unist-util-visit-parents-2.0.1.tgz",
      "integrity": "sha512-6B0UTiMfdWql4cQ03gDTCSns+64Zkfo2OCbK31Ov0uMizEz+CJeAp0cgZVb5Fhmcd7Bct2iRNywejT0orpbqUA==",
      "requires": {
        "unist-util-is": "^2.1.2"
      }
    },
    "vsmarketplace-api": {
      "version": "1.0.0",
      "resolved": "https://registry.npmjs.org/vsmarketplace-api/-/vsmarketplace-api-1.0.0.tgz",
      "integrity": "sha512-HpxZWjF5Dd52IKdjXuIhF3Y3rMFnOq3nTo7RsbriORcn+mgLYDa+rWiuSvy4a5DgcYlQ5a6g6FOmLYvbA5jeFQ==",
      "requires": {
        "node-fetch": "^2.2.0"
      }
    }
  }
}
